
Microsoft Visual Studio Solution File, Format Version 12.00
# Visual Studio Version 17
VisualStudioVersion = 17.14.36518.9 d17.14
MinimumVisualStudioVersion = 10.0.40219.1
Project("{FAE04EC0-301F-11D3-BF4B-00C04F79EFBC}") = "kashop.pl", "kashop.pl\kashop.pl.csproj", "{B78DA22C-8ED9-47C7-82C9-E0AE01F8790A}"
EndProject
Project("{FAE04EC0-301F-11D3-BF4B-00C04F79EFBC}") = "kashop.bll", "kashop.bll\kashop.bll.csproj", "{ED3885D9-E45F-4C65-909D-8265A88FCF6F}"
EndProject
Project("{FAE04EC0-301F-11D3-BF4B-00C04F79EFBC}") = "kashop.dal", "kashop.dal\kashop.dal.csproj", "{59C7E8FD-A8D4-425A-8802-1FE8E14C62FD}"
EndProject
Global
	GlobalSection(SolutionConfigurationPlatforms) = preSolution
		Debug|Any CPU = Debug|Any CPU
		Release|Any CPU = Release|Any CPU
	EndGlobalSection
	GlobalSection(ProjectConfigurationPlatforms) = postSolution
		{B78DA22C-8ED9-47C7-82C9-E0AE01F8790A}.Debug|Any CPU.ActiveCfg = Debug|Any CPU
		{B78DA22C-8ED9-47C7-82C9-E0AE01F8790A}.Debug|Any CPU.Build.0 = Debug|Any CPU
		{B78DA22C-8ED9-47C7-82C9-E0AE01F8790A}.Release|Any CPU.ActiveCfg = Release|Any CPU
		{B78DA22C-8ED9-47C7-82C9-E0AE01F8790A}.Release|Any CPU.Build.0 = Release|Any CPU
		{ED3885D9-E45F-4C65-909D-8265A88FCF6F}.Debug|Any CPU.ActiveCfg = Debug|Any CPU
		{ED3885D9-E45F-4C65-909D-8265A88FCF6F}.Debug|Any CPU.Build.0 = Debug|Any CPU
		{ED3885D9-E45F-4C65-909D-8265A88FCF6F}.Release|Any CPU.ActiveCfg = Release|Any CPU
		{ED3885D9-E45F-4C65-909D-8265A88FCF6F}.Release|Any CPU.Build.0 = Release|Any CPU
		{59C7E8FD-A8D4-425A-8802-1FE8E14C62FD}.Debug|Any CPU.ActiveCfg = Debug|Any CPU
		{59C7E8FD-A8D4-425A-8802-1FE8E14C62FD}.Debug|Any CPU.Build.0 = Debug|Any CPU
		{59C7E8FD-A8D4-425A-8802-1FE8E14C62FD}.Release|Any CPU.ActiveCfg = Release|Any CPU
		{59C7E8FD-A8D4-425A-8802-1FE8E14C62FD}.Release|Any CPU.Build.0 = Release|Any CPU
	EndGlobalSection
	GlobalSection(SolutionProperties) = preSolution
		HideSolutionNode = FALSE
	EndGlobalSection
	GlobalSection(ExtensibilityGlobals) = postSolution
		SolutionGuid = {D98C463A-EF04-44F6-97E4-8BB82AF5EE37}
	EndGlobalSection
EndGlobal
